
Microsoft Visual Studio Solution File, Format Version 12.00
# Visual Studio Version 16
VisualStudioVersion = 16.0.30406.217
MinimumVisualStudioVersion = 10.0.40219.1
Project("{9A19103F-16F7-4668-BE54-9A1E7A4F7556}") = "CoinJar.Logic", "..\CoinJar.Logic\CoinJar.Logic.csproj", "{16E91FC3-06FC-44AA-BB4C-5E473C7D299E}"
EndProject
Project("{9A19103F-16F7-4668-BE54-9A1E7A4F7556}") = "CoinJar.Interface", "..\CoinJar.Interface\CoinJar.Interface.csproj", "{B8E41EA7-63B9-4F95-B60F-1C6B566B1E4B}"
EndProject
Project("{9A19103F-16F7-4668-BE54-9A1E7A4F7556}") = "CoinJar.DTO", "..\CoinJar.DTO\CoinJar.DTO.csproj", "{E5072ED3-A686-4B7B-A170-62328C0BE7CB}"
EndProject
Project("{9A19103F-16F7-4668-BE54-9A1E7A4F7556}") = "CoinJar", "CoinJar.csproj", "{4E114EAF-FA6C-40EA-ACBB-B214C3E36E12}"
EndProject
Global
	GlobalSection(SolutionConfigurationPlatforms) = preSolution
		Debug|Any CPU = Debug|Any CPU
		Release|Any CPU = Release|Any CPU
	EndGlobalSection
	GlobalSection(ProjectConfigurationPlatforms) = postSolution
		{16E91FC3-06FC-44AA-BB4C-5E473C7D299E}.Debug|Any CPU.ActiveCfg = Debug|Any CPU
		{16E91FC3-06FC-44AA-BB4C-5E473C7D299E}.Debug|Any CPU.Build.0 = Debug|Any CPU
		{16E91FC3-06FC-44AA-BB4C-5E473C7D299E}.Release|Any CPU.ActiveCfg = Release|Any CPU
		{16E91FC3-06FC-44AA-BB4C-5E473C7D299E}.Release|Any CPU.Build.0 = Release|Any CPU
		{B8E41EA7-63B9-4F95-B60F-1C6B566B1E4B}.Debug|Any CPU.ActiveCfg = Debug|Any CPU
		{B8E41EA7-63B9-4F95-B60F-1C6B566B1E4B}.Debug|Any CPU.Build.0 = Debug|Any CPU
		{B8E41EA7-63B9-4F95-B60F-1C6B566B1E4B}.Release|Any CPU.ActiveCfg = Release|Any CPU
		{B8E41EA7-63B9-4F95-B60F-1C6B566B1E4B}.Release|Any CPU.Build.0 = Release|Any CPU
		{E5072ED3-A686-4B7B-A170-62328C0BE7CB}.Debug|Any CPU.ActiveCfg = Debug|Any CPU
		{E5072ED3-A686-4B7B-A170-62328C0BE7CB}.Debug|Any CPU.Build.0 = Debug|Any CPU
		{E5072ED3-A686-4B7B-A170-62328C0BE7CB}.Release|Any CPU.ActiveCfg = Release|Any CPU
		{E5072ED3-A686-4B7B-A170-62328C0BE7CB}.Release|Any CPU.Build.0 = Release|Any CPU
		{4E114EAF-FA6C-40EA-ACBB-B214C3E36E12}.Debug|Any CPU.ActiveCfg = Debug|Any CPU
		{4E114EAF-FA6C-40EA-ACBB-B214C3E36E12}.Debug|Any CPU.Build.0 = Debug|Any CPU
		{4E114EAF-FA6C-40EA-ACBB-B214C3E36E12}.Release|Any CPU.ActiveCfg = Release|Any CPU
		{4E114EAF-FA6C-40EA-ACBB-B214C3E36E12}.Release|Any CPU.Build.0 = Release|Any CPU
	EndGlobalSection
	GlobalSection(SolutionProperties) = preSolution
		HideSolutionNode = FALSE
	EndGlobalSection
	GlobalSection(ExtensibilityGlobals) = postSolution
		SolutionGuid = {CFCCF8D9-D26A-48C3-BA4D-8F33978727F9}
	EndGlobalSection
EndGlobal
